# THIS IS AN AUTOGENERATED FILE. DO NOT EDIT THIS FILE DIRECTLY.
# yarn lockfile v1


monaco-editor@^0.20.0:
  version "0.20.0"
  resolved "https://registry.yarnpkg.com/monaco-editor/-/monaco-editor-0.20.0.tgz#5d5009343a550124426cb4d965a4d27a348b4dea"
  integrity sha512-hkvf4EtPJRMQlPC3UbMoRs0vTAFAYdzFQ+gpMb8A+9znae1c43q8Mab9iVsgTcg/4PNiLGGn3SlDIa8uvK1FIQ==
